// !$*UTF8*$!
{
	archiveVersion = 1;
	classes = {
	};
	objectVersion = 55;
	objects = {

/* Begin PBXBuildFile section */
		DE2E1F732805F908003B6C5A /* ImageLoader.swift in Sources */ = {isa = PBXBuildFile; fileRef = DE2E1F722805F908003B6C5A /* ImageLoader.swift */; };
		DE2E1F752805F91F003B6C5A /* IImageLoader.swift in Sources */ = {isa = PBXBuildFile; fileRef = DE2E1F742805F91F003B6C5A /* IImageLoader.swift */; };
		DE2E4F0D280C12E600EA0F11 /* Cache.swift in Sources */ = {isa = PBXBuildFile; fileRef = DE2E4F0C280C12E600EA0F11 /* Cache.swift */; };
		DE79071528015727003296B8 /* AppDelegate.swift in Sources */ = {isa = PBXBuildFile; fileRef = DE79071428015727003296B8 /* AppDelegate.swift */; };
		DE79071728015727003296B8 /* SceneDelegate.swift in Sources */ = {isa = PBXBuildFile; fileRef = DE79071628015727003296B8 /* SceneDelegate.swift */; };
		DE79071928015727003296B8 /* ViewController.swift in Sources */ = {isa = PBXBuildFile; fileRef = DE79071828015727003296B8 /* ViewController.swift */; };
		DE79071E28015728003296B8 /* Assets.xcassets in Resources */ = {isa = PBXBuildFile; fileRef = DE79071D28015728003296B8 /* Assets.xcassets */; };
		DE79072128015728003296B8 /* LaunchScreen.storyboard in Resources */ = {isa = PBXBuildFile; fileRef = DE79071F28015728003296B8 /* LaunchScreen.storyboard */; };
		DE79072D280192A8003296B8 /* Coordinator.swift in Sources */ = {isa = PBXBuildFile; fileRef = DE79072C280192A8003296B8 /* Coordinator.swift */; };
		DE79072F280194B4003296B8 /* MainCoordinator.swift in Sources */ = {isa = PBXBuildFile; fileRef = DE79072E280194B4003296B8 /* MainCoordinator.swift */; };
		DE79073128019C5A003296B8 /* FeedCoordinator.swift in Sources */ = {isa = PBXBuildFile; fileRef = DE79073028019C5A003296B8 /* FeedCoordinator.swift */; };
		DE79073328019C73003296B8 /* SettingsCoordinator.swift in Sources */ = {isa = PBXBuildFile; fileRef = DE79073228019C73003296B8 /* SettingsCoordinator.swift */; };
		DE7907382801C8FA003296B8 /* FeedListViewController.swift in Sources */ = {isa = PBXBuildFile; fileRef = DE7907372801C8FA003296B8 /* FeedListViewController.swift */; };
		DE79073A2801CA9A003296B8 /* FeedListPresenter.swift in Sources */ = {isa = PBXBuildFile; fileRef = DE7907392801CA9A003296B8 /* FeedListPresenter.swift */; };
		DE79073C2801CAAA003296B8 /* FeedListInteractor.swift in Sources */ = {isa = PBXBuildFile; fileRef = DE79073B2801CAAA003296B8 /* FeedListInteractor.swift */; };
		DE79073E2801CABB003296B8 /* FeedListRouter.swift in Sources */ = {isa = PBXBuildFile; fileRef = DE79073D2801CABB003296B8 /* FeedListRouter.swift */; };
		DE7907402801CBE6003296B8 /* FeedListFactory.swift in Sources */ = {isa = PBXBuildFile; fileRef = DE79073F2801CBE6003296B8 /* FeedListFactory.swift */; };
		DE7907472801CED5003296B8 /* IFeedListFactory.swift in Sources */ = {isa = PBXBuildFile; fileRef = DE7907462801CED5003296B8 /* IFeedListFactory.swift */; };
		DE7907492801CEFD003296B8 /* IFeedListViewIntput.swift in Sources */ = {isa = PBXBuildFile; fileRef = DE7907482801CEFD003296B8 /* IFeedListViewIntput.swift */; };
		DE79074B2801CF0F003296B8 /* IFeedListViewOutput.swift in Sources */ = {isa = PBXBuildFile; fileRef = DE79074A2801CF0F003296B8 /* IFeedListViewOutput.swift */; };
		DE79074D2801CF25003296B8 /* IFeedListInteractor.swift in Sources */ = {isa = PBXBuildFile; fileRef = DE79074C2801CF25003296B8 /* IFeedListInteractor.swift */; };
		DE79074F2801CF38003296B8 /* IFeedListRouter.swift in Sources */ = {isa = PBXBuildFile; fileRef = DE79074E2801CF38003296B8 /* IFeedListRouter.swift */; };
		DE7907522801E3D1003296B8 /* SnapKit in Frameworks */ = {isa = PBXBuildFile; productRef = DE7907512801E3D1003296B8 /* SnapKit */; };
		DE7907552802CFF9003296B8 /* UIView+AddSubview.swift in Sources */ = {isa = PBXBuildFile; fileRef = DE7907542802CFF9003296B8 /* UIView+AddSubview.swift */; };
		DE7907572802D037003296B8 /* FeedCollectionViewLayout.swift in Sources */ = {isa = PBXBuildFile; fileRef = DE7907562802D037003296B8 /* FeedCollectionViewLayout.swift */; };
		DE79075A2802D5E4003296B8 /* FeedCollectionViewCell.swift in Sources */ = {isa = PBXBuildFile; fileRef = DE7907592802D5E4003296B8 /* FeedCollectionViewCell.swift */; };
		DE79075D28031D34003296B8 /* FeedInfoView.swift in Sources */ = {isa = PBXBuildFile; fileRef = DE79075C28031D34003296B8 /* FeedInfoView.swift */; };
		DED586EC280493AF00F037D5 /* Posts.swift in Sources */ = {isa = PBXBuildFile; fileRef = DED586EB280493AF00F037D5 /* Posts.swift */; };
		DED586EE280493D200F037D5 /* IPostsRepository.swift in Sources */ = {isa = PBXBuildFile; fileRef = DED586ED280493D200F037D5 /* IPostsRepository.swift */; };
		DED586F02804952200F037D5 /* PostsCoreDataRepository.swift in Sources */ = {isa = PBXBuildFile; fileRef = DED586EF2804952200F037D5 /* PostsCoreDataRepository.swift */; };
		DED586F228049FD300F037D5 /* FeedCollectionViewCellPropsFactory.swift in Sources */ = {isa = PBXBuildFile; fileRef = DED586F128049FD300F037D5 /* FeedCollectionViewCellPropsFactory.swift */; };
		DED586F528049FF800F037D5 /* SourceFormatter.swift in Sources */ = {isa = PBXBuildFile; fileRef = DED586F428049FF800F037D5 /* SourceFormatter.swift */; };
		DED586F72804A0BB00F037D5 /* IDateFormatter.swift in Sources */ = {isa = PBXBuildFile; fileRef = DED586F62804A0BB00F037D5 /* IDateFormatter.swift */; };
		DEE0CA04280889EE00750A6F /* Model.xcdatamodeld in Sources */ = {isa = PBXBuildFile; fileRef = DEE0CA02280889EE00750A6F /* Model.xcdatamodeld */; };
		DEE0CA0628088BCB00750A6F /* CoreDataContainer.swift in Sources */ = {isa = PBXBuildFile; fileRef = DEE0CA0528088BCB00750A6F /* CoreDataContainer.swift */; };
		DEF1183328071CDE005AA8D1 /* PostXMLParser.swift in Sources */ = {isa = PBXBuildFile; fileRef = DEF1183228071CDE005AA8D1 /* PostXMLParser.swift */; };
		DEF11838280720BA005AA8D1 /* PostsLoader.swift in Sources */ = {isa = PBXBuildFile; fileRef = DEF11837280720BA005AA8D1 /* PostsLoader.swift */; };
		DEF1183B2807230C005AA8D1 /* Updater.swift in Sources */ = {isa = PBXBuildFile; fileRef = DEF1183A2807230C005AA8D1 /* Updater.swift */; };
		DEF1183D28075305005AA8D1 /* XMLPost.swift in Sources */ = {isa = PBXBuildFile; fileRef = DEF1183C28075305005AA8D1 /* XMLPost.swift */; };
		DEF1183F28075DA6005AA8D1 /* IPostsLoader.swift in Sources */ = {isa = PBXBuildFile; fileRef = DEF1183E28075DA6005AA8D1 /* IPostsLoader.swift */; };
		DEF118452807631C005AA8D1 /* IPostXMLParser.swift in Sources */ = {isa = PBXBuildFile; fileRef = DEF118442807631C005AA8D1 /* IPostXMLParser.swift */; };
/* End PBXBuildFile section */

/* Begin PBXFileReference section */
		DE2E1F722805F908003B6C5A /* ImageLoader.swift */ = {isa = PBXFileReference; lastKnownFileType = sourcecode.swift; path = ImageLoader.swift; sourceTree = "<group>"; };
		DE2E1F742805F91F003B6C5A /* IImageLoader.swift */ = {isa = PBXFileReference; lastKnownFileType = sourcecode.swift; path = IImageLoader.swift; sourceTree = "<group>"; };
		DE2E4F0C280C12E600EA0F11 /* Cache.swift */ = {isa = PBXFileReference; lastKnownFileType = sourcecode.swift; path = Cache.swift; sourceTree = "<group>"; };
		DE79071128015727003296B8 /* feeder.app */ = {isa = PBXFileReference; explicitFileType = wrapper.application; includeInIndex = 0; path = feeder.app; sourceTree = BUILT_PRODUCTS_DIR; };
		DE79071428015727003296B8 /* AppDelegate.swift */ = {isa = PBXFileReference; lastKnownFileType = sourcecode.swift; path = AppDelegate.swift; sourceTree = "<group>"; };
		DE79071628015727003296B8 /* SceneDelegate.swift */ = {isa = PBXFileReference; lastKnownFileType = sourcecode.swift; path = SceneDelegate.swift; sourceTree = "<group>"; };
		DE79071828015727003296B8 /* ViewController.swift */ = {isa = PBXFileReference; lastKnownFileType = sourcecode.swift; path = ViewController.swift; sourceTree = "<group>"; };
		DE79071D28015728003296B8 /* Assets.xcassets */ = {isa = PBXFileReference; lastKnownFileType = folder.assetcatalog; path = Assets.xcassets; sourceTree = "<group>"; };
		DE79072028015728003296B8 /* Base */ = {isa = PBXFileReference; lastKnownFileType = file.storyboard; name = Base; path = Base.lproj/LaunchScreen.storyboard; sourceTree = "<group>"; };
		DE79072228015728003296B8 /* Info.plist */ = {isa = PBXFileReference; lastKnownFileType = text.plist.xml; name = Info.plist; path = feeder/Resources/Info.plist; sourceTree = SOURCE_ROOT; };
		DE79072C280192A8003296B8 /* Coordinator.swift */ = {isa = PBXFileReference; lastKnownFileType = sourcecode.swift; path = Coordinator.swift; sourceTree = "<group>"; };
		DE79072E280194B4003296B8 /* MainCoordinator.swift */ = {isa = PBXFileReference; lastKnownFileType = sourcecode.swift; path = MainCoordinator.swift; sourceTree = "<group>"; };
		DE79073028019C5A003296B8 /* FeedCoordinator.swift */ = {isa = PBXFileReference; lastKnownFileType = sourcecode.swift; path = FeedCoordinator.swift; sourceTree = "<group>"; };
		DE79073228019C73003296B8 /* SettingsCoordinator.swift */ = {isa = PBXFileReference; lastKnownFileType = sourcecode.swift; path = SettingsCoordinator.swift; sourceTree = "<group>"; };
		DE7907372801C8FA003296B8 /* FeedListViewController.swift */ = {isa = PBXFileReference; lastKnownFileType = sourcecode.swift; path = FeedListViewController.swift; sourceTree = "<group>"; };
		DE7907392801CA9A003296B8 /* FeedListPresenter.swift */ = {isa = PBXFileReference; lastKnownFileType = sourcecode.swift; path = FeedListPresenter.swift; sourceTree = "<group>"; };
		DE79073B2801CAAA003296B8 /* FeedListInteractor.swift */ = {isa = PBXFileReference; lastKnownFileType = sourcecode.swift; path = FeedListInteractor.swift; sourceTree = "<group>"; };
		DE79073D2801CABB003296B8 /* FeedListRouter.swift */ = {isa = PBXFileReference; lastKnownFileType = sourcecode.swift; path = FeedListRouter.swift; sourceTree = "<group>"; };
		DE79073F2801CBE6003296B8 /* FeedListFactory.swift */ = {isa = PBXFileReference; lastKnownFileType = sourcecode.swift; path = FeedListFactory.swift; sourceTree = "<group>"; };
		DE7907462801CED5003296B8 /* IFeedListFactory.swift */ = {isa = PBXFileReference; lastKnownFileType = sourcecode.swift; path = IFeedListFactory.swift; sourceTree = "<group>"; };
		DE7907482801CEFD003296B8 /* IFeedListViewIntput.swift */ = {isa = PBXFileReference; lastKnownFileType = sourcecode.swift; path = IFeedListViewIntput.swift; sourceTree = "<group>"; };
		DE79074A2801CF0F003296B8 /* IFeedListViewOutput.swift */ = {isa = PBXFileReference; lastKnownFileType = sourcecode.swift; path = IFeedListViewOutput.swift; sourceTree = "<group>"; };
		DE79074C2801CF25003296B8 /* IFeedListInteractor.swift */ = {isa = PBXFileReference; lastKnownFileType = sourcecode.swift; path = IFeedListInteractor.swift; sourceTree = "<group>"; };
		DE79074E2801CF38003296B8 /* IFeedListRouter.swift */ = {isa = PBXFileReference; lastKnownFileType = sourcecode.swift; path = IFeedListRouter.swift; sourceTree = "<group>"; };
		DE7907542802CFF9003296B8 /* UIView+AddSubview.swift */ = {isa = PBXFileReference; lastKnownFileType = sourcecode.swift; path = "UIView+AddSubview.swift"; sourceTree = "<group>"; };
		DE7907562802D037003296B8 /* FeedCollectionViewLayout.swift */ = {isa = PBXFileReference; lastKnownFileType = sourcecode.swift; path = FeedCollectionViewLayout.swift; sourceTree = "<group>"; };
		DE7907592802D5E4003296B8 /* FeedCollectionViewCell.swift */ = {isa = PBXFileReference; lastKnownFileType = sourcecode.swift; path = FeedCollectionViewCell.swift; sourceTree = "<group>"; };
		DE79075C28031D34003296B8 /* FeedInfoView.swift */ = {isa = PBXFileReference; lastKnownFileType = sourcecode.swift; path = FeedInfoView.swift; sourceTree = "<group>"; };
		DED586EB280493AF00F037D5 /* Posts.swift */ = {isa = PBXFileReference; lastKnownFileType = sourcecode.swift; path = Posts.swift; sourceTree = "<group>"; };
		DED586ED280493D200F037D5 /* IPostsRepository.swift */ = {isa = PBXFileReference; lastKnownFileType = sourcecode.swift; path = IPostsRepository.swift; sourceTree = "<group>"; };
		DED586EF2804952200F037D5 /* PostsCoreDataRepository.swift */ = {isa = PBXFileReference; lastKnownFileType = sourcecode.swift; path = PostsCoreDataRepository.swift; sourceTree = "<group>"; };
		DED586F128049FD300F037D5 /* FeedCollectionViewCellPropsFactory.swift */ = {isa = PBXFileReference; lastKnownFileType = sourcecode.swift; path = FeedCollectionViewCellPropsFactory.swift; sourceTree = "<group>"; };
		DED586F428049FF800F037D5 /* SourceFormatter.swift */ = {isa = PBXFileReference; lastKnownFileType = sourcecode.swift; path = SourceFormatter.swift; sourceTree = "<group>"; };
		DED586F62804A0BB00F037D5 /* IDateFormatter.swift */ = {isa = PBXFileReference; lastKnownFileType = sourcecode.swift; path = IDateFormatter.swift; sourceTree = "<group>"; };
		DEE0CA03280889EE00750A6F /* Model.xcdatamodel */ = {isa = PBXFileReference; lastKnownFileType = wrapper.xcdatamodel; path = Model.xcdatamodel; sourceTree = "<group>"; };
		DEE0CA0528088BCB00750A6F /* CoreDataContainer.swift */ = {isa = PBXFileReference; lastKnownFileType = sourcecode.swift; path = CoreDataContainer.swift; sourceTree = "<group>"; };
		DEF1183228071CDE005AA8D1 /* PostXMLParser.swift */ = {isa = PBXFileReference; lastKnownFileType = sourcecode.swift; path = PostXMLParser.swift; sourceTree = "<group>"; };
		DEF11837280720BA005AA8D1 /* PostsLoader.swift */ = {isa = PBXFileReference; lastKnownFileType = sourcecode.swift; path = PostsLoader.swift; sourceTree = "<group>"; };
		DEF1183A2807230C005AA8D1 /* Updater.swift */ = {isa = PBXFileReference; lastKnownFileType = sourcecode.swift; path = Updater.swift; sourceTree = "<group>"; };
		DEF1183C28075305005AA8D1 /* XMLPost.swift */ = {isa = PBXFileReference; lastKnownFileType = sourcecode.swift; path = XMLPost.swift; sourceTree = "<group>"; };
		DEF1183E28075DA6005AA8D1 /* IPostsLoader.swift */ = {isa = PBXFileReference; lastKnownFileType = sourcecode.swift; path = IPostsLoader.swift; sourceTree = "<group>"; };
		DEF118442807631C005AA8D1 /* IPostXMLParser.swift */ = {isa = PBXFileReference; lastKnownFileType = sourcecode.swift; path = IPostXMLParser.swift; sourceTree = "<group>"; };
/* End PBXFileReference section */

/* Begin PBXFrameworksBuildPhase section */
		DE79070E28015727003296B8 /* Frameworks */ = {
			isa = PBXFrameworksBuildPhase;
			buildActionMask = 2147483647;
			files = (
				DE7907522801E3D1003296B8 /* SnapKit in Frameworks */,
			);
			runOnlyForDeploymentPostprocessing = 0;
		};
/* End PBXFrameworksBuildPhase section */

/* Begin PBXGroup section */
		DE2E1F712805F8F7003B6C5A /* ImageLoader */ = {
			isa = PBXGroup;
			children = (
				DE2E1F722805F908003B6C5A /* ImageLoader.swift */,
				DE2E1F742805F91F003B6C5A /* IImageLoader.swift */,
			);
			path = ImageLoader;
			sourceTree = "<group>";
		};
		DE2E4F0A280B4B5400EA0F11 /* Modules */ = {
			isa = PBXGroup;
			children = (
				DE79073428019C9B003296B8 /* Feed */,
				DE7907352801C642003296B8 /* Settings */,
			);
			path = Modules;
			sourceTree = "<group>";
		};
		DE2E4F0B280C12DD00EA0F11 /* Cache */ = {
			isa = PBXGroup;
			children = (
				DE2E4F0C280C12E600EA0F11 /* Cache.swift */,
			);
			path = Cache;
			sourceTree = "<group>";
		};
		DE79070828015727003296B8 = {
			isa = PBXGroup;
			children = (
				DE79071328015727003296B8 /* feeder */,
				DE79071228015727003296B8 /* Products */,
			);
			sourceTree = "<group>";
		};
		DE79071228015727003296B8 /* Products */ = {
			isa = PBXGroup;
			children = (
				DE79071128015727003296B8 /* feeder.app */,
			);
			name = Products;
			sourceTree = "<group>";
		};
		DE79071328015727003296B8 /* feeder */ = {
			isa = PBXGroup;
			children = (
				DE7907292801581F003296B8 /* Resources */,
				DE7907282801580B003296B8 /* Sources */,
			);
			path = feeder;
			sourceTree = "<group>";
		};
		DE7907282801580B003296B8 /* Sources */ = {
			isa = PBXGroup;
			children = (
				DE2E4F0B280C12DD00EA0F11 /* Cache */,
				DE2E4F0A280B4B5400EA0F11 /* Modules */,
				DEE0CA01280889C700750A6F /* CoreData */,
				DEF11839280722DE005AA8D1 /* Updater */,
				DEF1183428071F44005AA8D1 /* Loaders */,
				DEF1183128071CC6005AA8D1 /* PostXMLParser */,
				DE2E1F712805F8F7003B6C5A /* ImageLoader */,
				DED586F328049FE900F037D5 /* Formatters */,
				DED586EA280493A300F037D5 /* Models */,
				DED586E92804937A00F037D5 /* PostsRepository */,
				DE7907532802CFE2003296B8 /* Extensions */,
				DE79072B28019299003296B8 /* Coordinators */,
				DE79071428015727003296B8 /* AppDelegate.swift */,
				DE79071628015727003296B8 /* SceneDelegate.swift */,
				DE79071828015727003296B8 /* ViewController.swift */,
			);
			path = Sources;
			sourceTree = "<group>";
		};
		DE7907292801581F003296B8 /* Resources */ = {
			isa = PBXGroup;
			children = (
				DE79071D28015728003296B8 /* Assets.xcassets */,
				DE79071F28015728003296B8 /* LaunchScreen.storyboard */,
				DE79072228015728003296B8 /* Info.plist */,
			);
			path = Resources;
			sourceTree = "<group>";
		};
		DE79072B28019299003296B8 /* Coordinators */ = {
			isa = PBXGroup;
			children = (
				DE79072C280192A8003296B8 /* Coordinator.swift */,
				DE79072E280194B4003296B8 /* MainCoordinator.swift */,
			);
			path = Coordinators;
			sourceTree = "<group>";
		};
		DE79073428019C9B003296B8 /* Feed */ = {
			isa = PBXGroup;
			children = (
				DE7907362801C8EA003296B8 /* FeedList */,
				DE79073028019C5A003296B8 /* FeedCoordinator.swift */,
			);
			path = Feed;
			sourceTree = "<group>";
		};
		DE7907352801C642003296B8 /* Settings */ = {
			isa = PBXGroup;
			children = (
				DE79073228019C73003296B8 /* SettingsCoordinator.swift */,
			);
			path = Settings;
			sourceTree = "<group>";
		};
		DE7907362801C8EA003296B8 /* FeedList */ = {
			isa = PBXGroup;
			children = (
				DE79075B28031D28003296B8 /* Views */,
				DE7907582802D5D8003296B8 /* Cells */,
				DE7907452801CEBB003296B8 /* Factory */,
				DE7907442801CEB7003296B8 /* ViewController */,
				DE7907432801CEA1003296B8 /* Router */,
				DE7907422801CE9C003296B8 /* Interactor */,
				DE7907412801CE94003296B8 /* Presenter */,
				DE7907562802D037003296B8 /* FeedCollectionViewLayout.swift */,
			);
			path = FeedList;
			sourceTree = "<group>";
		};
		DE7907412801CE94003296B8 /* Presenter */ = {
			isa = PBXGroup;
			children = (
				DE7907392801CA9A003296B8 /* FeedListPresenter.swift */,
				DE79074A2801CF0F003296B8 /* IFeedListViewOutput.swift */,
			);
			path = Presenter;
			sourceTree = "<group>";
		};
		DE7907422801CE9C003296B8 /* Interactor */ = {
			isa = PBXGroup;
			children = (
				DE79073B2801CAAA003296B8 /* FeedListInteractor.swift */,
				DE79074C2801CF25003296B8 /* IFeedListInteractor.swift */,
			);
			path = Interactor;
			sourceTree = "<group>";
		};
		DE7907432801CEA1003296B8 /* Router */ = {
			isa = PBXGroup;
			children = (
				DE79073D2801CABB003296B8 /* FeedListRouter.swift */,
				DE79074E2801CF38003296B8 /* IFeedListRouter.swift */,
			);
			path = Router;
			sourceTree = "<group>";
		};
		DE7907442801CEB7003296B8 /* ViewController */ = {
			isa = PBXGroup;
			children = (
				DE7907372801C8FA003296B8 /* FeedListViewController.swift */,
				DE7907482801CEFD003296B8 /* IFeedListViewIntput.swift */,
			);
			path = ViewController;
			sourceTree = "<group>";
		};
		DE7907452801CEBB003296B8 /* Factory */ = {
			isa = PBXGroup;
			children = (
				DE79073F2801CBE6003296B8 /* FeedListFactory.swift */,
				DE7907462801CED5003296B8 /* IFeedListFactory.swift */,
			);
			path = Factory;
			sourceTree = "<group>";
		};
		DE7907532802CFE2003296B8 /* Extensions */ = {
			isa = PBXGroup;
			children = (
				DE7907542802CFF9003296B8 /* UIView+AddSubview.swift */,
			);
			path = Extensions;
			sourceTree = "<group>";
		};
		DE7907582802D5D8003296B8 /* Cells */ = {
			isa = PBXGroup;
			children = (
				DE7907592802D5E4003296B8 /* FeedCollectionViewCell.swift */,
				DED586F128049FD300F037D5 /* FeedCollectionViewCellPropsFactory.swift */,
			);
			path = Cells;
			sourceTree = "<group>";
		};
		DE79075B28031D28003296B8 /* Views */ = {
			isa = PBXGroup;
			children = (
				DE79075C28031D34003296B8 /* FeedInfoView.swift */,
			);
			path = Views;
			sourceTree = "<group>";
		};
		DED586E92804937A00F037D5 /* PostsRepository */ = {
			isa = PBXGroup;
			children = (
				DED586ED280493D200F037D5 /* IPostsRepository.swift */,
				DED586EF2804952200F037D5 /* PostsCoreDataRepository.swift */,
			);
			path = PostsRepository;
			sourceTree = "<group>";
		};
		DED586EA280493A300F037D5 /* Models */ = {
			isa = PBXGroup;
			children = (
				DED586EB280493AF00F037D5 /* Posts.swift */,
			);
			path = Models;
			sourceTree = "<group>";
		};
		DED586F328049FE900F037D5 /* Formatters */ = {
			isa = PBXGroup;
			children = (
				DED586F428049FF800F037D5 /* SourceFormatter.swift */,
				DED586F62804A0BB00F037D5 /* IDateFormatter.swift */,
			);
			path = Formatters;
			sourceTree = "<group>";
		};
		DEE0CA01280889C700750A6F /* CoreData */ = {
			isa = PBXGroup;
			children = (
				DEE0CA02280889EE00750A6F /* Model.xcdatamodeld */,
				DEE0CA0528088BCB00750A6F /* CoreDataContainer.swift */,
			);
			path = CoreData;
			sourceTree = "<group>";
		};
		DEF1183128071CC6005AA8D1 /* PostXMLParser */ = {
			isa = PBXGroup;
			children = (
				DEF1183228071CDE005AA8D1 /* PostXMLParser.swift */,
				DEF1183C28075305005AA8D1 /* XMLPost.swift */,
				DEF118442807631C005AA8D1 /* IPostXMLParser.swift */,
			);
			path = PostXMLParser;
			sourceTree = "<group>";
		};
		DEF1183428071F44005AA8D1 /* Loaders */ = {
			isa = PBXGroup;
			children = (
				DEF1184328075E08005AA8D1 /* PostsLoader */,
			);
			path = Loaders;
			sourceTree = "<group>";
		};
		DEF11839280722DE005AA8D1 /* Updater */ = {
			isa = PBXGroup;
			children = (
				DEF1183A2807230C005AA8D1 /* Updater.swift */,
			);
			path = Updater;
			sourceTree = "<group>";
		};
		DEF1184328075E08005AA8D1 /* PostsLoader */ = {
			isa = PBXGroup;
			children = (
				DEF11837280720BA005AA8D1 /* PostsLoader.swift */,
				DEF1183E28075DA6005AA8D1 /* IPostsLoader.swift */,
			);
			path = PostsLoader;
			sourceTree = "<group>";
		};
/* End PBXGroup section */

/* Begin PBXNativeTarget section */
		DE79071028015727003296B8 /* feeder */ = {
			isa = PBXNativeTarget;
			buildConfigurationList = DE79072528015728003296B8 /* Build configuration list for PBXNativeTarget "feeder" */;
			buildPhases = (
				DE79070D28015727003296B8 /* Sources */,
				DE79070E28015727003296B8 /* Frameworks */,
				DE79070F28015727003296B8 /* Resources */,
			);
			buildRules = (
			);
			dependencies = (
			);
			name = feeder;
			packageProductDependencies = (
				DE7907512801E3D1003296B8 /* SnapKit */,
			);
			productName = feeder;
			productReference = DE79071128015727003296B8 /* feeder.app */;
			productType = "com.apple.product-type.application";
		};
/* End PBXNativeTarget section */

/* Begin PBXProject section */
		DE79070928015727003296B8 /* Project object */ = {
			isa = PBXProject;
			attributes = {
				BuildIndependentTargetsInParallel = 1;
				LastSwiftUpdateCheck = 1320;
				LastUpgradeCheck = 1320;
				TargetAttributes = {
					DE79071028015727003296B8 = {
						CreatedOnToolsVersion = 13.2.1;
					};
				};
			};
			buildConfigurationList = DE79070C28015727003296B8 /* Build configuration list for PBXProject "feeder" */;
			compatibilityVersion = "Xcode 13.0";
			developmentRegion = en;
			hasScannedForEncodings = 0;
			knownRegions = (
				en,
				Base,
			);
			mainGroup = DE79070828015727003296B8;
			packageReferences = (
				DE7907502801E3D1003296B8 /* XCRemoteSwiftPackageReference "SnapKit" */,
			);
			productRefGroup = DE79071228015727003296B8 /* Products */;
			projectDirPath = "";
			projectRoot = "";
			targets = (
				DE79071028015727003296B8 /* feeder */,
			);
		};
/* End PBXProject section */

/* Begin PBXResourcesBuildPhase section */
		DE79070F28015727003296B8 /* Resources */ = {
			isa = PBXResourcesBuildPhase;
			buildActionMask = 2147483647;
			files = (
				DE79072128015728003296B8 /* LaunchScreen.storyboard in Resources */,
				DE79071E28015728003296B8 /* Assets.xcassets in Resources */,
			);
			runOnlyForDeploymentPostprocessing = 0;
		};
/* End PBXResourcesBuildPhase section */

/* Begin PBXSourcesBuildPhase section */
		DE79070D28015727003296B8 /* Sources */ = {
			isa = PBXSourcesBuildPhase;
			buildActionMask = 2147483647;
			files = (
				DE7907402801CBE6003296B8 /* FeedListFactory.swift in Sources */,
				DEF1183D28075305005AA8D1 /* XMLPost.swift in Sources */,
				DE79072D280192A8003296B8 /* Coordinator.swift in Sources */,
				DE79075A2802D5E4003296B8 /* FeedCollectionViewCell.swift in Sources */,
				DED586EE280493D200F037D5 /* IPostsRepository.swift in Sources */,
				DED586F72804A0BB00F037D5 /* IDateFormatter.swift in Sources */,
				DE79071928015727003296B8 /* ViewController.swift in Sources */,
				DE79071528015727003296B8 /* AppDelegate.swift in Sources */,
				DE79075D28031D34003296B8 /* FeedInfoView.swift in Sources */,
				DE7907552802CFF9003296B8 /* UIView+AddSubview.swift in Sources */,
				DE79074B2801CF0F003296B8 /* IFeedListViewOutput.swift in Sources */,
				DE7907572802D037003296B8 /* FeedCollectionViewLayout.swift in Sources */,
				DED586F228049FD300F037D5 /* FeedCollectionViewCellPropsFactory.swift in Sources */,
				DE79072F280194B4003296B8 /* MainCoordinator.swift in Sources */,
				DE79073C2801CAAA003296B8 /* FeedListInteractor.swift in Sources */,
				DEF118452807631C005AA8D1 /* IPostXMLParser.swift in Sources */,
				DEE0CA0628088BCB00750A6F /* CoreDataContainer.swift in Sources */,
				DE2E1F732805F908003B6C5A /* ImageLoader.swift in Sources */,
				DE79073E2801CABB003296B8 /* FeedListRouter.swift in Sources */,
				DEF1183B2807230C005AA8D1 /* Updater.swift in Sources */,
				DE79074D2801CF25003296B8 /* IFeedListInteractor.swift in Sources */,
				DE79073328019C73003296B8 /* SettingsCoordinator.swift in Sources */,
				DE7907472801CED5003296B8 /* IFeedListFactory.swift in Sources */,
				DE79073128019C5A003296B8 /* FeedCoordinator.swift in Sources */,
				DEE0CA04280889EE00750A6F /* Model.xcdatamodeld in Sources */,
				DEF11838280720BA005AA8D1 /* PostsLoader.swift in Sources */,
				DEF1183328071CDE005AA8D1 /* PostXMLParser.swift in Sources */,
				DE7907382801C8FA003296B8 /* FeedListViewController.swift in Sources */,
				DED586EC280493AF00F037D5 /* Posts.swift in Sources */,
				DE2E1F752805F91F003B6C5A /* IImageLoader.swift in Sources */,
				DE2E4F0D280C12E600EA0F11 /* Cache.swift in Sources */,
				DE79074F2801CF38003296B8 /* IFeedListRouter.swift in Sources */,
				DED586F02804952200F037D5 /* PostsCoreDataRepository.swift in Sources */,
				DE79073A2801CA9A003296B8 /* FeedListPresenter.swift in Sources */,
				DEF1183F28075DA6005AA8D1 /* IPostsLoader.swift in Sources */,
				DE7907492801CEFD003296B8 /* IFeedListViewIntput.swift in Sources */,
				DE79071728015727003296B8 /* SceneDelegate.swift in Sources */,
				DED586F528049FF800F037D5 /* SourceFormatter.swift in Sources */,
			);
			runOnlyForDeploymentPostprocessing = 0;
		};
/* End PBXSourcesBuildPhase section */

/* Begin PBXVariantGroup section */
		DE79071F28015728003296B8 /* LaunchScreen.storyboard */ = {
			isa = PBXVariantGroup;
			children = (
				DE79072028015728003296B8 /* Base */,
			);
			name = LaunchScreen.storyboard;
			sourceTree = "<group>";
		};
/* End PBXVariantGroup section */

/* Begin XCBuildConfiguration section */
		DE79072328015728003296B8 /* Debug */ = {
			isa = XCBuildConfiguration;
			buildSettings = {
				ALWAYS_SEARCH_USER_PATHS = NO;
				CLANG_ANALYZER_NONNULL = YES;
				CLANG_ANALYZER_NUMBER_OBJECT_CONVERSION = YES_AGGRESSIVE;
				CLANG_CXX_LANGUAGE_STANDARD = "gnu++17";
				CLANG_CXX_LIBRARY = "libc++";
				CLANG_ENABLE_MODULES = YES;
				CLANG_ENABLE_OBJC_ARC = YES;
				CLANG_ENABLE_OBJC_WEAK = YES;
				CLANG_WARN_BLOCK_CAPTURE_AUTORELEASING = YES;
				CLANG_WARN_BOOL_CONVERSION = YES;
				CLANG_WARN_COMMA = YES;
				CLANG_WARN_CONSTANT_CONVERSION = YES;
				CLANG_WARN_DEPRECATED_OBJC_IMPLEMENTATIONS = YES;
				CLANG_WARN_DIRECT_OBJC_ISA_USAGE = YES_ERROR;
				CLANG_WARN_DOCUMENTATION_COMMENTS = YES;
				CLANG_WARN_EMPTY_BODY = YES;
				CLANG_WARN_ENUM_CONVERSION = YES;
				CLANG_WARN_INFINITE_RECURSION = YES;
				CLANG_WARN_INT_CONVERSION = YES;
				CLANG_WARN_NON_LITERAL_NULL_CONVERSION = YES;
				CLANG_WARN_OBJC_IMPLICIT_RETAIN_SELF = YES;
				CLANG_WARN_OBJC_LITERAL_CONVERSION = YES;
				CLANG_WARN_OBJC_ROOT_CLASS = YES_ERROR;
				CLANG_WARN_QUOTED_INCLUDE_IN_FRAMEWORK_HEADER = YES;
				CLANG_WARN_RANGE_LOOP_ANALYSIS = YES;
				CLANG_WARN_STRICT_PROTOTYPES = YES;
				CLANG_WARN_SUSPICIOUS_MOVE = YES;
				CLANG_WARN_UNGUARDED_AVAILABILITY = YES_AGGRESSIVE;
				CLANG_WARN_UNREACHABLE_CODE = YES;
				CLANG_WARN__DUPLICATE_METHOD_MATCH = YES;
				COPY_PHASE_STRIP = NO;
				DEBUG_INFORMATION_FORMAT = dwarf;
				ENABLE_STRICT_OBJC_MSGSEND = YES;
				ENABLE_TESTABILITY = YES;
				GCC_C_LANGUAGE_STANDARD = gnu11;
				GCC_DYNAMIC_NO_PIC = NO;
				GCC_NO_COMMON_BLOCKS = YES;
				GCC_OPTIMIZATION_LEVEL = 0;
				GCC_PREPROCESSOR_DEFINITIONS = (
					"DEBUG=1",
					"$(inherited)",
				);
				GCC_WARN_64_TO_32_BIT_CONVERSION = YES;
				GCC_WARN_ABOUT_RETURN_TYPE = YES_ERROR;
				GCC_WARN_UNDECLARED_SELECTOR = YES;
				GCC_WARN_UNINITIALIZED_AUTOS = YES_AGGRESSIVE;
				GCC_WARN_UNUSED_FUNCTION = YES;
				GCC_WARN_UNUSED_VARIABLE = YES;
				IPHONEOS_DEPLOYMENT_TARGET = 15.2;
				MTL_ENABLE_DEBUG_INFO = INCLUDE_SOURCE;
				MTL_FAST_MATH = YES;
				ONLY_ACTIVE_ARCH = YES;
				SDKROOT = iphoneos;
				SWIFT_ACTIVE_COMPILATION_CONDITIONS = DEBUG;
				SWIFT_OPTIMIZATION_LEVEL = "-Onone";
			};
			name = Debug;
		};
		DE79072428015728003296B8 /* Release */ = {
			isa = XCBuildConfiguration;
			buildSettings = {
				ALWAYS_SEARCH_USER_PATHS = NO;
				CLANG_ANALYZER_NONNULL = YES;
				CLANG_ANALYZER_NUMBER_OBJECT_CONVERSION = YES_AGGRESSIVE;
				CLANG_CXX_LANGUAGE_STANDARD = "gnu++17";
				CLANG_CXX_LIBRARY = "libc++";
				CLANG_ENABLE_MODULES = YES;
				CLANG_ENABLE_OBJC_ARC = YES;
				CLANG_ENABLE_OBJC_WEAK = YES;
				CLANG_WARN_BLOCK_CAPTURE_AUTORELEASING = YES;
				CLANG_WARN_BOOL_CONVERSION = YES;
				CLANG_WARN_COMMA = YES;
				CLANG_WARN_CONSTANT_CONVERSION = YES;
				CLANG_WARN_DEPRECATED_OBJC_IMPLEMENTATIONS = YES;
				CLANG_WARN_DIRECT_OBJC_ISA_USAGE = YES_ERROR;
				CLANG_WARN_DOCUMENTATION_COMMENTS = YES;
				CLANG_WARN_EMPTY_BODY = YES;
				CLANG_WARN_ENUM_CONVERSION = YES;
				CLANG_WARN_INFINITE_RECURSION = YES;
				CLANG_WARN_INT_CONVERSION = YES;
				CLANG_WARN_NON_LITERAL_NULL_CONVERSION = YES;
				CLANG_WARN_OBJC_IMPLICIT_RETAIN_SELF = YES;
				CLANG_WARN_OBJC_LITERAL_CONVERSION = YES;
				CLANG_WARN_OBJC_ROOT_CLASS = YES_ERROR;
				CLANG_WARN_QUOTED_INCLUDE_IN_FRAMEWORK_HEADER = YES;
				CLANG_WARN_RANGE_LOOP_ANALYSIS = YES;
				CLANG_WARN_STRICT_PROTOTYPES = YES;
				CLANG_WARN_SUSPICIOUS_MOVE = YES;
				CLANG_WARN_UNGUARDED_AVAILABILITY = YES_AGGRESSIVE;
				CLANG_WARN_UNREACHABLE_CODE = YES;
				CLANG_WARN__DUPLICATE_METHOD_MATCH = YES;
				COPY_PHASE_STRIP = NO;
				DEBUG_INFORMATION_FORMAT = "dwarf-with-dsym";
				ENABLE_NS_ASSERTIONS = NO;
				ENABLE_STRICT_OBJC_MSGSEND = YES;
				GCC_C_LANGUAGE_STANDARD = gnu11;
				GCC_NO_COMMON_BLOCKS = YES;
				GCC_WARN_64_TO_32_BIT_CONVERSION = YES;
				GCC_WARN_ABOUT_RETURN_TYPE = YES_ERROR;
				GCC_WARN_UNDECLARED_SELECTOR = YES;
				GCC_WARN_UNINITIALIZED_AUTOS = YES_AGGRESSIVE;
				GCC_WARN_UNUSED_FUNCTION = YES;
				GCC_WARN_UNUSED_VARIABLE = YES;
				IPHONEOS_DEPLOYMENT_TARGET = 15.2;
				MTL_ENABLE_DEBUG_INFO = NO;
				MTL_FAST_MATH = YES;
				SDKROOT = iphoneos;
				SWIFT_COMPILATION_MODE = wholemodule;
				SWIFT_OPTIMIZATION_LEVEL = "-O";
				VALIDATE_PRODUCT = YES;
			};
			name = Release;
		};
		DE79072628015728003296B8 /* Debug */ = {
			isa = XCBuildConfiguration;
			buildSettings = {
				ASSETCATALOG_COMPILER_APPICON_NAME = AppIcon;
				ASSETCATALOG_COMPILER_GLOBAL_ACCENT_COLOR_NAME = AccentColor;
				CODE_SIGN_STYLE = Automatic;
				CURRENT_PROJECT_VERSION = 1;
				GENERATE_INFOPLIST_FILE = YES;
				INFOPLIST_FILE = feeder/Resources/Info.plist;
				INFOPLIST_KEY_UIApplicationSupportsIndirectInputEvents = YES;
				INFOPLIST_KEY_UILaunchStoryboardName = LaunchScreen;
				INFOPLIST_KEY_UISupportedInterfaceOrientations_iPad = "UIInterfaceOrientationPortrait UIInterfaceOrientationPortraitUpsideDown UIInterfaceOrientationLandscapeLeft UIInterfaceOrientationLandscapeRight";
				INFOPLIST_KEY_UISupportedInterfaceOrientations_iPhone = "UIInterfaceOrientationPortrait UIInterfaceOrientationLandscapeLeft UIInterfaceOrientationLandscapeRight";
				LD_RUNPATH_SEARCH_PATHS = (
					"$(inherited)",
					"@executable_path/Frameworks",
				);
				MARKETING_VERSION = 1.0;
				PRODUCT_BUNDLE_IDENTIFIER = sol.feeder;
				PRODUCT_NAME = "$(TARGET_NAME)";
				SWIFT_EMIT_LOC_STRINGS = YES;
				SWIFT_VERSION = 5.0;
				TARGETED_DEVICE_FAMILY = 1;
			};
			name = Debug;
		};
		DE79072728015728003296B8 /* Release */ = {
			isa = XCBuildConfiguration;
			buildSettings = {
				ASSETCATALOG_COMPILER_APPICON_NAME = AppIcon;
				ASSETCATALOG_COMPILER_GLOBAL_ACCENT_COLOR_NAME = AccentColor;
				CODE_SIGN_STYLE = Automatic;
				CURRENT_PROJECT_VERSION = 1;
				GENERATE_INFOPLIST_FILE = YES;
				INFOPLIST_FILE = feeder/Resources/Info.plist;
				INFOPLIST_KEY_UIApplicationSupportsIndirectInputEvents = YES;
				INFOPLIST_KEY_UILaunchStoryboardName = LaunchScreen;
				INFOPLIST_KEY_UISupportedInterfaceOrientations_iPad = "UIInterfaceOrientationPortrait UIInterfaceOrientationPortraitUpsideDown UIInterfaceOrientationLandscapeLeft UIInterfaceOrientationLandscapeRight";
				INFOPLIST_KEY_UISupportedInterfaceOrientations_iPhone = "UIInterfaceOrientationPortrait UIInterfaceOrientationLandscapeLeft UIInterfaceOrientationLandscapeRight";
				LD_RUNPATH_SEARCH_PATHS = (
					"$(inherited)",
					"@executable_path/Frameworks",
				);
				MARKETING_VERSION = 1.0;
				PRODUCT_BUNDLE_IDENTIFIER = sol.feeder;
				PRODUCT_NAME = "$(TARGET_NAME)";
				SWIFT_EMIT_LOC_STRINGS = YES;
				SWIFT_VERSION = 5.0;
				TARGETED_DEVICE_FAMILY = 1;
			};
			name = Release;
		};
/* End XCBuildConfiguration section */

/* Begin XCConfigurationList section */
		DE79070C28015727003296B8 /* Build configuration list for PBXProject "feeder" */ = {
			isa = XCConfigurationList;
			buildConfigurations = (
				DE79072328015728003296B8 /* Debug */,
				DE79072428015728003296B8 /* Release */,
			);
			defaultConfigurationIsVisible = 0;
			defaultConfigurationName = Release;
		};
		DE79072528015728003296B8 /* Build configuration list for PBXNativeTarget "feeder" */ = {
			isa = XCConfigurationList;
			buildConfigurations = (
				DE79072628015728003296B8 /* Debug */,
				DE79072728015728003296B8 /* Release */,
			);
			defaultConfigurationIsVisible = 0;
			defaultConfigurationName = Release;
		};
/* End XCConfigurationList section */

/* Begin XCRemoteSwiftPackageReference section */
		DE7907502801E3D1003296B8 /* XCRemoteSwiftPackageReference "SnapKit" */ = {
			isa = XCRemoteSwiftPackageReference;
			repositoryURL = "https://github.com/SnapKit/SnapKit.git";
			requirement = {
				kind = upToNextMajorVersion;
				minimumVersion = 5.0.0;
			};
		};
/* End XCRemoteSwiftPackageReference section */

/* Begin XCSwiftPackageProductDependency section */
		DE7907512801E3D1003296B8 /* SnapKit */ = {
			isa = XCSwiftPackageProductDependency;
			package = DE7907502801E3D1003296B8 /* XCRemoteSwiftPackageReference "SnapKit" */;
			productName = SnapKit;
		};
/* End XCSwiftPackageProductDependency section */

/* Begin XCVersionGroup section */
		DEE0CA02280889EE00750A6F /* Model.xcdatamodeld */ = {
			isa = XCVersionGroup;
			children = (
				DEE0CA03280889EE00750A6F /* Model.xcdatamodel */,
			);
			currentVersion = DEE0CA03280889EE00750A6F /* Model.xcdatamodel */;
			path = Model.xcdatamodeld;
			sourceTree = "<group>";
			versionGroupType = wrapper.xcdatamodel;
		};
/* End XCVersionGroup section */
	};
	rootObject = DE79070928015727003296B8 /* Project object */;
}
